
Microsoft Visual Studio Solution File, Format Version 12.00
# Visual Studio Version 17
VisualStudioVersion = 17.0.32802.463
MinimumVisualStudioVersion = 10.0.40219.1
Project("{9A19103F-16F7-4668-BE54-9A1E7A4F7556}") = "WindowsUtilsModule", "WindowsUtilsModule.csproj", "{0CD0EA6D-9467-4725-9F15-A1F038834C6D}"
EndProject
Global
	GlobalSection(SolutionConfigurationPlatforms) = preSolution
		Debug|Any CPU = Debug|Any CPU
		Debug|x64 = Debug|x64
		Release|Any CPU = Release|Any CPU
		Release|x64 = Release|x64
	EndGlobalSection
	GlobalSection(ProjectConfigurationPlatforms) = postSolution
		{0CD0EA6D-9467-4725-9F15-A1F038834C6D}.Debug|Any CPU.ActiveCfg = Debug|Any CPU
		{0CD0EA6D-9467-4725-9F15-A1F038834C6D}.Debug|Any CPU.Build.0 = Debug|Any CPU
		{0CD0EA6D-9467-4725-9F15-A1F038834C6D}.Debug|x64.ActiveCfg = Debug|x64
		{0CD0EA6D-9467-4725-9F15-A1F038834C6D}.Debug|x64.Build.0 = Debug|x64
		{0CD0EA6D-9467-4725-9F15-A1F038834C6D}.Release|Any CPU.ActiveCfg = Release|Any CPU
		{0CD0EA6D-9467-4725-9F15-A1F038834C6D}.Release|Any CPU.Build.0 = Release|Any CPU
		{0CD0EA6D-9467-4725-9F15-A1F038834C6D}.Release|x64.ActiveCfg = Release|x64
		{0CD0EA6D-9467-4725-9F15-A1F038834C6D}.Release|x64.Build.0 = Release|x64
	EndGlobalSection
	GlobalSection(SolutionProperties) = preSolution
		HideSolutionNode = FALSE
	EndGlobalSection
	GlobalSection(ExtensibilityGlobals) = postSolution
		SolutionGuid = {AF71D4F9-6439-45F5-A311-2750F3D1C711}
	EndGlobalSection
EndGlobal
