<?xml version="1.0" encoding="utf-8"?>
<Project ToolsVersion="4.0" xmlns="http://schemas.microsoft.com/developer/msbuild/2003">
  <ItemGroup>
    <Filter Include="Source Files">
      <UniqueIdentifier>{4FC737F1-C7A5-4376-A066-2A32D752A2FF}</UniqueIdentifier>
      <Extensions>cpp;c;cc;cxx;c++;cppm;ixx;def;odl;idl;hpj;bat;asm;asmx</Extensions>
    </Filter>
    <Filter Include="Header Files">
      <UniqueIdentifier>{93995380-89BD-4b04-88EB-625FBE52EBFB}</UniqueIdentifier>
      <Extensions>h;hh;hpp;hxx;h++;hm;inl;inc;ipp;xsd</Extensions>
    </Filter>
    <Filter Include="Resource Files">
      <UniqueIdentifier>{67DA6AB6-F800-4c08-8B7A-83BB121AAD01}</UniqueIdentifier>
      <Extensions>rc;ico;cur;bmp;dlg;rc2;rct;bin;rgs;gif;jpg;jpeg;jpe;resx;tiff;tif;png;wav;mfcribbon-ms</Extensions>
    </Filter>
  </ItemGroup>
  <ItemGroup>
    <ClInclude Include="Resources\Resource.h">
      <Filter>Header Files</Filter>
    </ClInclude>
    <ClInclude Include="pch.h">
      <Filter>Header Files</Filter>
    </ClInclude>
    <ClInclude Include="Headers\Support\MemoryManagement.h">
      <Filter>Header Files</Filter>
    </ClInclude>
    <ClInclude Include="Headers\Support\String.h">
      <Filter>Header Files</Filter>
    </ClInclude>
    <ClInclude Include="Headers\Support\WuStdException.h">
      <Filter>Header Files</Filter>
    </ClInclude>
    <ClInclude Include="Headers\Support\Notification.h">
      <Filter>Header Files</Filter>
    </ClInclude>
    <ClInclude Include="Headers\Support\Expressions.h">
      <Filter>Header Files</Filter>
    </ClInclude>
    <ClInclude Include="Headers\Support\CoreUtils.h">
      <Filter>Header Files</Filter>
    </ClInclude>
    <ClInclude Include="Headers\Engine\AccessControl.h">
      <Filter>Header Files</Filter>
    </ClInclude>
    <ClInclude Include="Headers\Engine\Containers.h">
      <Filter>Header Files</Filter>
    </ClInclude>
    <ClInclude Include="Headers\Support\IO.h">
      <Filter>Header Files</Filter>
    </ClInclude>
    <ClInclude Include="Headers\Support\SafeHandle.h">
      <Filter>Header Files</Filter>
    </ClInclude>
    <ClInclude Include="Headers\Engine\Network.h">
      <Filter>Header Files</Filter>
    </ClInclude>
    <ClInclude Include="Headers\Support\NtUtilities.h">
      <Filter>Header Files</Filter>
    </ClInclude>
    <ClInclude Include="Headers\Engine\ProcessAndThread.h">
      <Filter>Header Files</Filter>
    </ClInclude>
    <ClInclude Include="Headers\Engine\Registry.h">
      <Filter>Header Files</Filter>
    </ClInclude>
    <ClInclude Include="Headers\Engine\Services.h">
      <Filter>Header Files</Filter>
    </ClInclude>
    <ClInclude Include="Headers\Engine\TerminalServices.h">
      <Filter>Header Files</Filter>
    </ClInclude>
    <ClInclude Include="Headers\Wrappers\NativeException.h">
      <Filter>Header Files</Filter>
    </ClInclude>
    <ClInclude Include="Headers\Wrappers\CmdletContextProxy.h">
      <Filter>Header Files</Filter>
    </ClInclude>
    <ClInclude Include="Resources\VersionInfo.h">
      <Filter>Header Files</Filter>
    </ClInclude>
    <ClInclude Include="Headers\Wrappers\TerminalServicesWrapper.h">
      <Filter>Header Files</Filter>
    </ClInclude>
    <ClInclude Include="Headers\Wrappers\UtilitiesWrapper.h">
      <Filter>Header Files</Filter>
    </ClInclude>
    <ClInclude Include="Headers\Wrappers\ProcessAndThreadWrapper.h">
      <Filter>Header Files</Filter>
    </ClInclude>
    <ClInclude Include="Headers\Wrappers\ServicesWrapper.h">
      <Filter>Header Files</Filter>
    </ClInclude>
    <ClInclude Include="Headers\Wrappers\RegistryWrapper.h">
      <Filter>Header Files</Filter>
    </ClInclude>
    <ClInclude Include="Headers\Wrappers\ContainersWrapper.h">
      <Filter>Header Files</Filter>
    </ClInclude>
    <ClInclude Include="Headers\Wrappers\NetworkWrapper.h">
      <Filter>Header Files</Filter>
    </ClInclude>
    <ClInclude Include="Headers\Wrappers\Types\WuManagedContainer.h">
      <Filter>Header Files</Filter>
    </ClInclude>
    <ClInclude Include="Headers\Wrappers\Types\WuManagedCabinet.h">
      <Filter>Header Files</Filter>
    </ClInclude>
    <ClInclude Include="Headers\Wrappers\Types\NetworkTypes.h">
      <Filter>Header Files</Filter>
    </ClInclude>
    <ClInclude Include="Headers\Wrappers\Types\ProcThreadTypes.h">
      <Filter>Header Files</Filter>
    </ClInclude>
    <ClInclude Include="Headers\Wrappers\Types\WtsTypes.h">
      <Filter>Header Files</Filter>
    </ClInclude>
    <ClInclude Include="Headers\Wrappers\InstallerWrapper.h">
      <Filter>Header Files</Filter>
    </ClInclude>
    <ClInclude Include="Headers\Engine\Utilities.h">
      <Filter>Header Files</Filter>
    </ClInclude>
    <ClInclude Include="Headers\Engine\Installer.h">
      <Filter>Header Files</Filter>
    </ClInclude>
    <ClInclude Include="Headers\Wrappers\Types\InstallerTypes.h">
      <Filter>Header Files</Filter>
    </ClInclude>
    <ClInclude Include="Resources\resource1.h">
      <Filter>Header Files</Filter>
    </ClInclude>
  </ItemGroup>
  <ItemGroup>
    <ClCompile Include="AssemblyInfo.cpp">
      <Filter>Source Files</Filter>
    </ClCompile>
    <ClCompile Include="pch.cpp">
      <Filter>Source Files</Filter>
    </ClCompile>
    <ClCompile Include="Source\Support\WuStdException.cpp">
      <Filter>Source Files</Filter>
    </ClCompile>
    <ClCompile Include="Source\Support\Notification.cpp">
      <Filter>Source Files</Filter>
    </ClCompile>
    <ClCompile Include="Source\Support\CoreUtils.cpp">
      <Filter>Source Files</Filter>
    </ClCompile>
    <ClCompile Include="Source\Engine\AccessControl.cpp">
      <Filter>Source Files</Filter>
    </ClCompile>
    <ClCompile Include="Source\Engine\Containers.cpp">
      <Filter>Source Files</Filter>
    </ClCompile>
    <ClCompile Include="Source\Support\IO.cpp">
      <Filter>Source Files</Filter>
    </ClCompile>
    <ClCompile Include="Source\Support\SafeHandle.cpp">
      <Filter>Source Files</Filter>
    </ClCompile>
    <ClCompile Include="Source\Engine\Network.cpp">
      <Filter>Source Files</Filter>
    </ClCompile>
    <ClCompile Include="Source\Support\NtUtilities.cpp">
      <Filter>Source Files</Filter>
    </ClCompile>
    <ClCompile Include="Source\Engine\ProcessAndThread.cpp">
      <Filter>Source Files</Filter>
    </ClCompile>
    <ClCompile Include="Source\Engine\Utilities.cpp">
      <Filter>Source Files</Filter>
    </ClCompile>
    <ClCompile Include="Source\Engine\Registry.cpp">
      <Filter>Source Files</Filter>
    </ClCompile>
    <ClCompile Include="Source\Engine\Services.cpp">
      <Filter>Source Files</Filter>
    </ClCompile>
    <ClCompile Include="Source\Engine\TerminalServices.cpp">
      <Filter>Source Files</Filter>
    </ClCompile>
    <ClCompile Include="Source\Wrappers\TerminalServicesWrapper.cpp">
      <Filter>Source Files</Filter>
    </ClCompile>
    <ClCompile Include="Source\Wrappers\UtilitiesWrapper.cpp">
      <Filter>Source Files</Filter>
    </ClCompile>
    <ClCompile Include="Source\Wrappers\ProcessAndThreadWrapper.cpp">
      <Filter>Source Files</Filter>
    </ClCompile>
    <ClCompile Include="Source\Wrappers\ServicesWrapper.cpp">
      <Filter>Source Files</Filter>
    </ClCompile>
    <ClCompile Include="Source\Wrappers\RegistryWrapper.cpp">
      <Filter>Source Files</Filter>
    </ClCompile>
    <ClCompile Include="Source\Wrappers\ContainersWrapper.cpp">
      <Filter>Source Files</Filter>
    </ClCompile>
    <ClCompile Include="Source\Wrappers\NetworkWrapper.cpp">
      <Filter>Source Files</Filter>
    </ClCompile>
    <ClCompile Include="Source\Wrappers\InstallerWrapper.cpp">
      <Filter>Source Files</Filter>
    </ClCompile>
    <ClCompile Include="Source\Engine\Installer.cpp">
      <Filter>Source Files</Filter>
    </ClCompile>
  </ItemGroup>
  <ItemGroup>
    <ResourceCompile Include="Resources\app.rc">
      <Filter>Resource Files</Filter>
    </ResourceCompile>
    <ResourceCompile Include="Resources\VersionInfo.rc">
      <Filter>Resource Files</Filter>
    </ResourceCompile>
  </ItemGroup>
  <ItemGroup>
    <Image Include="Resources\app.ico">
      <Filter>Resource Files</Filter>
    </Image>
  </ItemGroup>
</Project>