
Microsoft Visual Studio Solution File, Format Version 12.00
# Visual Studio Version 17
VisualStudioVersion = 17.6.33723.286
MinimumVisualStudioVersion = 10.0.40219.1
Project("{FAE04EC0-301F-11D3-BF4B-00C04F79EFBC}") = "WindowsUtilsTestService", "WindowsUtilsTestService.csproj", "{517611E3-8D47-4A7B-B934-EEBF4E8D6FF4}"
EndProject
Global
	GlobalSection(SolutionConfigurationPlatforms) = preSolution
		Debug|Any CPU = Debug|Any CPU
		Release|Any CPU = Release|Any CPU
	EndGlobalSection
	GlobalSection(ProjectConfigurationPlatforms) = postSolution
		{517611E3-8D47-4A7B-B934-EEBF4E8D6FF4}.Debug|Any CPU.ActiveCfg = Debug|Any CPU
		{517611E3-8D47-4A7B-B934-EEBF4E8D6FF4}.Debug|Any CPU.Build.0 = Debug|Any CPU
		{517611E3-8D47-4A7B-B934-EEBF4E8D6FF4}.Release|Any CPU.ActiveCfg = Release|Any CPU
		{517611E3-8D47-4A7B-B934-EEBF4E8D6FF4}.Release|Any CPU.Build.0 = Release|Any CPU
	EndGlobalSection
	GlobalSection(SolutionProperties) = preSolution
		HideSolutionNode = FALSE
	EndGlobalSection
	GlobalSection(ExtensibilityGlobals) = postSolution
		SolutionGuid = {73F58CDC-A0EC-4882-B095-0117E99C34AC}
	EndGlobalSection
EndGlobal
